{
  "name": "relampago-bot",
  "version": "0.0.2",
  "lockfileVersion": 1,
  "requires": true,
  "dependencies": {
    "@discordjs/opus": {
      "version": "0.3.2",
      "requires": {
        "@discordjs/node-pre-gyp": "^0.1.0",
        "node-addon-api": "^2.0.0"
      }
    },
    "@sindresorhus/to-milliseconds": {
      "version": "1.2.0"
    },
    "canvas": {
      "version": "2.6.1",
      "requires": {
        "nan": "^2.14.0",
        "node-pre-gyp": "^0.11.0",
        "simple-get": "^3.0.3"
      }
    },
    "discord-ytdl-core": {
      "version": "4.0.9",
      "requires": {
        "prism-media": "^1.2.2",
        "ytdl-core": "^3.3.0"
      }
    },
    "discord.js": {
      "version": "12.3.1",
      "requires": {
        "@discordjs/collection": "^0.1.6",
        "@discordjs/form-data": "^3.0.1",
        "abort-controller": "^3.0.0",
        "node-fetch": "^2.6.0",
        "prism-media": "^1.2.2",
        "setimmediate": "^1.0.5",
        "tweetnacl": "^1.0.3",
        "ws": "^7.3.1"
      }
    },
    "ffmpeg-static": {
      "version": "4.2.7",
      "requires": {
        "@derhuerst/http-basic": "^8.2.0",
        "env-paths": "^2.2.0",
        "https-proxy-agent": "^5.0.0",
        "progress": "^2.0.3"
      }
    },
    "mongoose": {
      "version": "5.10.7",
      "requires": {
        "bson": "^1.1.4",
        "kareem": "2.3.1",
        "mongodb": "3.6.2",
        "mongoose-legacy-pluralize": "1.0.2",
        "mpath": "0.7.0",
        "mquery": "3.2.2",
        "ms": "2.1.2",
        "regexp-clone": "1.0.0",
        "safe-buffer": "5.2.1",
        "sift": "7.0.1",
        "sliced": "1.0.1"
      }
    },
    "node-fetch": {
      "version": "2.6.1"
    },
    "ytpl": {
      "version": "1.0.1",
      "requires": {
        "html-entities": "^1.3.1",
        "miniget": "^2.0.1"
      }
    },
    "ytsr": {
      "version": "1.0.3",
      "requires": {
        "html-entities": "^1.3.1",
        "miniget": "^2.0.1"
      }
    }
  }
}
